# This file was autogenerated by Stack.
# You should not edit this file by hand.
# For more information, please see the documentation at:
#   https://docs.haskellstack.org/en/stable/lock_files

packages:
- completed:
    hackage: monadlist-0.0.2@sha256:978305e3f03dd5f65c673b551124dac0c39a247c2c14d84739ca9a3405fbb63a,904
    pantry-tree:
      size: 222
      sha256: 3a30e1c54fd12824b5259b600dae6ba33c0162754d91c0c6a25435d0aae7ac7d
  original:
    hackage: monadlist-0.0.2@sha256:978305e3f03dd5f65c673b551124dac0c39a247c2c14d84739ca9a3405fbb63a,904
snapshots:
- completed:
    size: 532172
    url: https://raw.githubusercontent.com/commercialhaskell/stackage-snapshots/master/lts/16/18.yaml
    sha256: 4f2a092c6f4869854e8d7435ab98ce5157c641022c3cbfc4c4614ff3db752e62
  original:
    url: https://raw.githubusercontent.com/commercialhaskell/stackage-snapshots/master/lts/16/18.yaml
